<?xml version="1.0" encoding="utf-8"?>
<Project ToolsVersion="4.0" xmlns="http://schemas.microsoft.com/developer/msbuild/2003">
  <ItemGroup>
    <ClCompile Include="MainFrm.cpp">
      <Filter>Source Files</Filter>
    </ClCompile>
    <ClCompile Include="stdafx.cpp">
      <Filter>Source Files</Filter>
    </ClCompile>
    <ClCompile Include="STLView.cpp">
      <Filter>Source Files</Filter>
    </ClCompile>
  </ItemGroup>
  <ItemGroup>
    <ClInclude Include="MainFrm.h">
      <Filter>Header Files</Filter>
    </ClInclude>
    <ClInclude Include="Resource.h">
      <Filter>Header Files</Filter>
    </ClInclude>
    <ClInclude Include="stdafx.h">
      <Filter>Header Files</Filter>
    </ClInclude>
    <ClInclude Include="STLView.h">
      <Filter>Header Files</Filter>
    </ClInclude>
  </ItemGroup>
  <ItemGroup>
    <None Include="res\STLView.ico">
      <Filter>Resources</Filter>
    </None>
    <None Include="res\STLView.rc2">
      <Filter>Resources</Filter>
    </None>
    <None Include="res\STLViewDoc.ico">
      <Filter>Resources</Filter>
    </None>
    <None Include="res\Toolbar.bmp">
      <Filter>Resources</Filter>
    </None>
  </ItemGroup>
  <ItemGroup>
    <Filter Include="Resources">
      <UniqueIdentifier>{ebe34fff-2f57-4fb0-af6d-aea9b4d19e67}</UniqueIdentifier>
    </Filter>
    <Filter Include="Source Files">
      <UniqueIdentifier>{98192f5a-6d27-4a13-95b5-5454ece1b84d}</UniqueIdentifier>
    </Filter>
    <Filter Include="Header Files">
      <UniqueIdentifier>{7d0eb01a-849f-4eae-b70b-f5d0ead066d4}</UniqueIdentifier>
    </Filter>
  </ItemGroup>
  <ItemGroup>
    <ResourceCompile Include="STLView.rc">
      <Filter>Resources</Filter>
    </ResourceCompile>
  </ItemGroup>
</Project>