<?xml version="1.0" encoding="utf-8"?>
<Project ToolsVersion="4.0" xmlns="http://schemas.microsoft.com/developer/msbuild/2003">
  <ItemGroup>
    <ClCompile Include="BREPDoc.cpp">
      <Filter>Source Files</Filter>
    </ClCompile>
    <ClCompile Include="BREPFrame.cpp">
      <Filter>Source Files</Filter>
    </ClCompile>
    <ClCompile Include="BREPView.cpp">
      <Filter>Source Files</Filter>
    </ClCompile>
    <ClCompile Include="stdafx.cpp">
      <Filter>Source Files</Filter>
    </ClCompile>
  </ItemGroup>
  <ItemGroup>
    <ClInclude Include="BREP_MFCLib.h">
      <Filter>Header Files</Filter>
    </ClInclude>
    <ClInclude Include="BREPDoc.h">
      <Filter>Header Files</Filter>
    </ClInclude>
    <ClInclude Include="BREPFrame.h">
      <Filter>Header Files</Filter>
    </ClInclude>
    <ClInclude Include="BREPView.h">
      <Filter>Header Files</Filter>
    </ClInclude>
    <ClInclude Include="Resource.h">
      <Filter>Header Files</Filter>
    </ClInclude>
    <ClInclude Include="stdafx.h">
      <Filter>Header Files</Filter>
    </ClInclude>
  </ItemGroup>
  <ItemGroup>
    <Filter Include="Source Files">
      <UniqueIdentifier>{21a673ce-e83f-4d2e-9f9c-cdbcf791dfa8}</UniqueIdentifier>
    </Filter>
    <Filter Include="Header Files">
      <UniqueIdentifier>{e63c3776-6049-4e43-8322-7b2411c884c9}</UniqueIdentifier>
    </Filter>
    <Filter Include="Resources">
      <UniqueIdentifier>{c4f1dea2-455b-4487-b2e1-ce2ecc324d92}</UniqueIdentifier>
    </Filter>
  </ItemGroup>
  <ItemGroup>
    <ResourceCompile Include="BREP_MFCLib.rc">
      <Filter>Resources</Filter>
    </ResourceCompile>
  </ItemGroup>
  <ItemGroup>
    <None Include="res\toolbar1.bmp">
      <Filter>Resources</Filter>
    </None>
  </ItemGroup>
</Project>